
Microsoft Visual Studio Solution File, Format Version 12.00
# Visual Studio 14
VisualStudioVersion = 14.0.23107.0
MinimumVisualStudioVersion = 10.0.40219.1
Project("{E24C65DC-7377-472B-9ABA-BC803B73C61A}") = "X.Web.Html5", "X.Web.Html5\", "{ED4CB5CC-61E4-4935-9774-3746D2D653C0}"
	ProjectSection(WebsiteProperties) = preProject
		TargetFrameworkMoniker = ".NETFramework,Version%3Dv4.0"
		Debug.AspNetCompiler.VirtualPath = "/localhost_7827"
		Debug.AspNetCompiler.PhysicalPath = "X.Web.Html5\"
		Debug.AspNetCompiler.TargetPath = "PrecompiledWeb\localhost_7827\"
		Debug.AspNetCompiler.Updateable = "true"
		Debug.AspNetCompiler.ForceOverwrite = "true"
		Debug.AspNetCompiler.FixedNames = "false"
		Debug.AspNetCompiler.Debug = "True"
		Release.AspNetCompiler.VirtualPath = "/localhost_7827"
		Release.AspNetCompiler.PhysicalPath = "X.Web.Html5\"
		Release.AspNetCompiler.TargetPath = "PrecompiledWeb\localhost_7827\"
		Release.AspNetCompiler.Updateable = "true"
		Release.AspNetCompiler.ForceOverwrite = "true"
		Release.AspNetCompiler.FixedNames = "false"
		Release.AspNetCompiler.Debug = "False"
		VWDPort = "7827"
		SlnRelativePath = "X.Web.Html5\"
		DefaultWebSiteLanguage = "Visual C#"
	EndProjectSection
EndProject
Project("{E24C65DC-7377-472B-9ABA-BC803B73C61A}") = "X.Web.JavaScript", "X.Web.JavaScript\", "{F73D7CF6-9676-402C-BE46-7C965B60E952}"
	ProjectSection(WebsiteProperties) = preProject
		TargetFrameworkMoniker = ".NETFramework,Version%3Dv4.0"
		Debug.AspNetCompiler.VirtualPath = "/localhost_7845"
		Debug.AspNetCompiler.PhysicalPath = "X.Web.JavaScript\"
		Debug.AspNetCompiler.TargetPath = "PrecompiledWeb\localhost_7845\"
		Debug.AspNetCompiler.Updateable = "true"
		Debug.AspNetCompiler.ForceOverwrite = "true"
		Debug.AspNetCompiler.FixedNames = "false"
		Debug.AspNetCompiler.Debug = "True"
		Release.AspNetCompiler.VirtualPath = "/localhost_7845"
		Release.AspNetCompiler.PhysicalPath = "X.Web.JavaScript\"
		Release.AspNetCompiler.TargetPath = "PrecompiledWeb\localhost_7845\"
		Release.AspNetCompiler.Updateable = "true"
		Release.AspNetCompiler.ForceOverwrite = "true"
		Release.AspNetCompiler.FixedNames = "false"
		Release.AspNetCompiler.Debug = "False"
		VWDPort = "7845"
		SlnRelativePath = "X.Web.JavaScript\"
		DefaultWebSiteLanguage = "Visual C#"
	EndProjectSection
EndProject
Global
	GlobalSection(SolutionConfigurationPlatforms) = preSolution
		Debug|Any CPU = Debug|Any CPU
	EndGlobalSection
	GlobalSection(ProjectConfigurationPlatforms) = postSolution
		{ED4CB5CC-61E4-4935-9774-3746D2D653C0}.Debug|Any CPU.ActiveCfg = Debug|Any CPU
		{ED4CB5CC-61E4-4935-9774-3746D2D653C0}.Debug|Any CPU.Build.0 = Debug|Any CPU
		{F73D7CF6-9676-402C-BE46-7C965B60E952}.Debug|Any CPU.ActiveCfg = Debug|Any CPU
		{F73D7CF6-9676-402C-BE46-7C965B60E952}.Debug|Any CPU.Build.0 = Debug|Any CPU
	EndGlobalSection
	GlobalSection(SolutionProperties) = preSolution
		HideSolutionNode = FALSE
	EndGlobalSection
EndGlobal
