
Microsoft Visual Studio Solution File, Format Version 12.00
# Visual Studio 14
VisualStudioVersion = 14.0.23107.0
MinimumVisualStudioVersion = 10.0.40219.1
Project("{2150E333-8FDC-42A3-9474-1A3956D46DE8}") = "X.Web.Ref", "X.Web.Ref", "{2F644F76-B3A0-4E1D-9042-403BF1473541}"
	ProjectSection(SolutionItems) = preProject
		X.Web.Ref\log4net.dll = X.Web.Ref\log4net.dll
		X.Web.Ref\Newtonsoft.Json.dll = X.Web.Ref\Newtonsoft.Json.dll
		X.Web.Ref\X.Interface.Dto.dll = X.Web.Ref\X.Interface.Dto.dll
	EndProjectSection
EndProject
Project("{2150E333-8FDC-42A3-9474-1A3956D46DE8}") = "Solution Items", "Solution Items", "{F757FC18-A868-476F-92D1-335D417E3B7F}"
	ProjectSection(SolutionItems) = preProject
		Readme.txt = Readme.txt
	EndProjectSection
EndProject
Project("{FAE04EC0-301F-11D3-BF4B-00C04F79EFBC}") = "X.Web.Form", "X.Web.Form\X.Web.Form.csproj", "{DB76C473-FB91-4DF8-BD70-E6DAAC001189}"
EndProject
Project("{FAE04EC0-301F-11D3-BF4B-00C04F79EFBC}") = "X.Web.Form.Tests", "X.Web.Form.Tests\X.Web.Form.Tests.csproj", "{F7D8D4B4-9936-4E5D-BDD3-5F637215CA73}"
EndProject
Project("{FAE04EC0-301F-11D3-BF4B-00C04F79EFBC}") = "X.Web.Util", "X.Web.Util\X.Web.Util.csproj", "{2D1A395F-0C8C-42AE-A93A-960E0021B944}"
EndProject
Project("{FAE04EC0-301F-11D3-BF4B-00C04F79EFBC}") = "X.Web.Entities", "X.Web.Entities\X.Web.Entities.csproj", "{C8F60BD4-AB27-48B6-B805-16C37E012C16}"
EndProject
Project("{FAE04EC0-301F-11D3-BF4B-00C04F79EFBC}") = "X.Web.MVC", "X.Web.MVC\X.Web.MVC.csproj", "{94831692-7CA3-484A-88DA-6C1D2DB74B8E}"
EndProject
Project("{FAE04EC0-301F-11D3-BF4B-00C04F79EFBC}") = "X.Web.MVC.Tests", "X.Web.MVC.Tests\X.Web.MVC.Tests.csproj", "{92A6CA56-4A86-495C-9510-40F7B2B4BEB5}"
EndProject
Global
	GlobalSection(SolutionConfigurationPlatforms) = preSolution
		Debug|Any CPU = Debug|Any CPU
		Release|Any CPU = Release|Any CPU
	EndGlobalSection
	GlobalSection(ProjectConfigurationPlatforms) = postSolution
		{DB76C473-FB91-4DF8-BD70-E6DAAC001189}.Debug|Any CPU.ActiveCfg = Debug|Any CPU
		{DB76C473-FB91-4DF8-BD70-E6DAAC001189}.Debug|Any CPU.Build.0 = Debug|Any CPU
		{DB76C473-FB91-4DF8-BD70-E6DAAC001189}.Release|Any CPU.ActiveCfg = Release|Any CPU
		{DB76C473-FB91-4DF8-BD70-E6DAAC001189}.Release|Any CPU.Build.0 = Release|Any CPU
		{F7D8D4B4-9936-4E5D-BDD3-5F637215CA73}.Debug|Any CPU.ActiveCfg = Debug|Any CPU
		{F7D8D4B4-9936-4E5D-BDD3-5F637215CA73}.Debug|Any CPU.Build.0 = Debug|Any CPU
		{F7D8D4B4-9936-4E5D-BDD3-5F637215CA73}.Release|Any CPU.ActiveCfg = Release|Any CPU
		{F7D8D4B4-9936-4E5D-BDD3-5F637215CA73}.Release|Any CPU.Build.0 = Release|Any CPU
		{2D1A395F-0C8C-42AE-A93A-960E0021B944}.Debug|Any CPU.ActiveCfg = Debug|Any CPU
		{2D1A395F-0C8C-42AE-A93A-960E0021B944}.Debug|Any CPU.Build.0 = Debug|Any CPU
		{2D1A395F-0C8C-42AE-A93A-960E0021B944}.Release|Any CPU.ActiveCfg = Release|Any CPU
		{2D1A395F-0C8C-42AE-A93A-960E0021B944}.Release|Any CPU.Build.0 = Release|Any CPU
		{C8F60BD4-AB27-48B6-B805-16C37E012C16}.Debug|Any CPU.ActiveCfg = Debug|Any CPU
		{C8F60BD4-AB27-48B6-B805-16C37E012C16}.Debug|Any CPU.Build.0 = Debug|Any CPU
		{C8F60BD4-AB27-48B6-B805-16C37E012C16}.Release|Any CPU.ActiveCfg = Release|Any CPU
		{C8F60BD4-AB27-48B6-B805-16C37E012C16}.Release|Any CPU.Build.0 = Release|Any CPU
		{94831692-7CA3-484A-88DA-6C1D2DB74B8E}.Debug|Any CPU.ActiveCfg = Debug|Any CPU
		{94831692-7CA3-484A-88DA-6C1D2DB74B8E}.Debug|Any CPU.Build.0 = Debug|Any CPU
		{94831692-7CA3-484A-88DA-6C1D2DB74B8E}.Release|Any CPU.ActiveCfg = Release|Any CPU
		{94831692-7CA3-484A-88DA-6C1D2DB74B8E}.Release|Any CPU.Build.0 = Release|Any CPU
		{92A6CA56-4A86-495C-9510-40F7B2B4BEB5}.Debug|Any CPU.ActiveCfg = Debug|Any CPU
		{92A6CA56-4A86-495C-9510-40F7B2B4BEB5}.Debug|Any CPU.Build.0 = Debug|Any CPU
		{92A6CA56-4A86-495C-9510-40F7B2B4BEB5}.Release|Any CPU.ActiveCfg = Release|Any CPU
		{92A6CA56-4A86-495C-9510-40F7B2B4BEB5}.Release|Any CPU.Build.0 = Release|Any CPU
	EndGlobalSection
	GlobalSection(SolutionProperties) = preSolution
		HideSolutionNode = FALSE
	EndGlobalSection
EndGlobal
